// !$*UTF8*$!
{
	archiveVersion = 1;
	classes = {
	};
	objectVersion = 46;
	objects = {

/* Begin PBXBuildFile section */
		ECBD23B31F974545001FE9DE /* AppDelegate.swift in Sources */ = {isa = PBXBuildFile; fileRef = ECBD23B21F974545001FE9DE /* AppDelegate.swift */; };
		ECBD23B51F974545001FE9DE /* ViewController.swift in Sources */ = {isa = PBXBuildFile; fileRef = ECBD23B41F974545001FE9DE /* ViewController.swift */; };
		ECBD23B81F974545001FE9DE /* Main.storyboard in Resources */ = {isa = PBXBuildFile; fileRef = ECBD23B61F974545001FE9DE /* Main.storyboard */; };
		ECBD23BA1F974545001FE9DE /* Assets.xcassets in Resources */ = {isa = PBXBuildFile; fileRef = ECBD23B91F974545001FE9DE /* Assets.xcassets */; };
		ECBD23BD1F974545001FE9DE /* LaunchScreen.storyboard in Resources */ = {isa = PBXBuildFile; fileRef = ECBD23BB1F974545001FE9DE /* LaunchScreen.storyboard */; };
		ECBD23C61F974C1C001FE9DE /* Categories.storyboard in Resources */ = {isa = PBXBuildFile; fileRef = ECBD23C41F974C1C001FE9DE /* Categories.storyboard */; };
		ECBD23C81F974C44001FE9DE /* Home.storyboard in Resources */ = {isa = PBXBuildFile; fileRef = ECBD23C71F974C44001FE9DE /* Home.storyboard */; };
		ECBD23CB1F975589001FE9DE /* Cart.storyboard in Resources */ = {isa = PBXBuildFile; fileRef = ECBD23C91F975589001FE9DE /* Cart.storyboard */; };
/* End PBXBuildFile section */

/* Begin PBXFileReference section */
		ECBD23AF1F974545001FE9DE /* tess.app */ = {isa = PBXFileReference; explicitFileType = wrapper.application; includeInIndex = 0; path = tess.app; sourceTree = BUILT_PRODUCTS_DIR; };
		ECBD23B21F974545001FE9DE /* AppDelegate.swift */ = {isa = PBXFileReference; lastKnownFileType = sourcecode.swift; path = AppDelegate.swift; sourceTree = "<group>"; };
		ECBD23B41F974545001FE9DE /* ViewController.swift */ = {isa = PBXFileReference; lastKnownFileType = sourcecode.swift; path = ViewController.swift; sourceTree = "<group>"; };
		ECBD23B71F974545001FE9DE /* Base */ = {isa = PBXFileReference; lastKnownFileType = file.storyboard; name = Base; path = Base.lproj/Main.storyboard; sourceTree = "<group>"; };
		ECBD23B91F974545001FE9DE /* Assets.xcassets */ = {isa = PBXFileReference; lastKnownFileType = folder.assetcatalog; path = Assets.xcassets; sourceTree = "<group>"; };
		ECBD23BC1F974545001FE9DE /* Base */ = {isa = PBXFileReference; lastKnownFileType = file.storyboard; name = Base; path = Base.lproj/LaunchScreen.storyboard; sourceTree = "<group>"; };
		ECBD23BE1F974545001FE9DE /* Info.plist */ = {isa = PBXFileReference; lastKnownFileType = text.plist.xml; path = Info.plist; sourceTree = "<group>"; };
		ECBD23C51F974C1C001FE9DE /* Base */ = {isa = PBXFileReference; lastKnownFileType = file.storyboard; name = Base; path = Base.lproj/Categories.storyboard; sourceTree = "<group>"; };
		ECBD23C71F974C44001FE9DE /* Home.storyboard */ = {isa = PBXFileReference; fileEncoding = 4; lastKnownFileType = file.storyboard; path = Home.storyboard; sourceTree = "<group>"; };
		ECBD23CA1F975589001FE9DE /* Base */ = {isa = PBXFileReference; lastKnownFileType = file.storyboard; name = Base; path = Base.lproj/Cart.storyboard; sourceTree = "<group>"; };
/* End PBXFileReference section */

/* Begin PBXFrameworksBuildPhase section */
		ECBD23AC1F974545001FE9DE /* Frameworks */ = {
			isa = PBXFrameworksBuildPhase;
			buildActionMask = 2147483647;
			files = (
			);
			runOnlyForDeploymentPostprocessing = 0;
		};
/* End PBXFrameworksBuildPhase section */

/* Begin PBXGroup section */
		ECBD23A61F974545001FE9DE = {
			isa = PBXGroup;
			children = (
				ECBD23B11F974545001FE9DE /* tess */,
				ECBD23B01F974545001FE9DE /* Products */,
			);
			sourceTree = "<group>";
		};
		ECBD23B01F974545001FE9DE /* Products */ = {
			isa = PBXGroup;
			children = (
				ECBD23AF1F974545001FE9DE /* tess.app */,
			);
			name = Products;
			sourceTree = "<group>";
		};
		ECBD23B11F974545001FE9DE /* tess */ = {
			isa = PBXGroup;
			children = (
				ECBD23B21F974545001FE9DE /* AppDelegate.swift */,
				ECBD23B41F974545001FE9DE /* ViewController.swift */,
				ECBD23B61F974545001FE9DE /* Main.storyboard */,
				ECBD23C91F975589001FE9DE /* Cart.storyboard */,
				ECBD23C71F974C44001FE9DE /* Home.storyboard */,
				ECBD23C41F974C1C001FE9DE /* Categories.storyboard */,
				ECBD23B91F974545001FE9DE /* Assets.xcassets */,
				ECBD23BB1F974545001FE9DE /* LaunchScreen.storyboard */,
				ECBD23BE1F974545001FE9DE /* Info.plist */,
			);
			path = tess;
			sourceTree = "<group>";
		};
/* End PBXGroup section */

/* Begin PBXNativeTarget section */
		ECBD23AE1F974545001FE9DE /* tess */ = {
			isa = PBXNativeTarget;
			buildConfigurationList = ECBD23C11F974545001FE9DE /* Build configuration list for PBXNativeTarget "tess" */;
			buildPhases = (
				ECBD23AB1F974545001FE9DE /* Sources */,
				ECBD23AC1F974545001FE9DE /* Frameworks */,
				ECBD23AD1F974545001FE9DE /* Resources */,
			);
			buildRules = (
			);
			dependencies = (
			);
			name = tess;
			productName = tess;
			productReference = ECBD23AF1F974545001FE9DE /* tess.app */;
			productType = "com.apple.product-type.application";
		};
/* End PBXNativeTarget section */

/* Begin PBXProject section */
		ECBD23A71F974545001FE9DE /* Project object */ = {
			isa = PBXProject;
			attributes = {
				LastSwiftUpdateCheck = 0830;
				LastUpgradeCheck = 0830;
				ORGANIZATIONNAME = "Billy Ronaldo Chandra";
				TargetAttributes = {
					ECBD23AE1F974545001FE9DE = {
						CreatedOnToolsVersion = 8.3.3;
						ProvisioningStyle = Automatic;
					};
				};
			};
			buildConfigurationList = ECBD23AA1F974545001FE9DE /* Build configuration list for PBXProject "tess" */;
			compatibilityVersion = "Xcode 3.2";
			developmentRegion = English;
			hasScannedForEncodings = 0;
			knownRegions = (
				en,
				Base,
			);
			mainGroup = ECBD23A61F974545001FE9DE;
			productRefGroup = ECBD23B01F974545001FE9DE /* Products */;
			projectDirPath = "";
			projectRoot = "";
			targets = (
				ECBD23AE1F974545001FE9DE /* tess */,
			);
		};
/* End PBXProject section */

/* Begin PBXResourcesBuildPhase section */
		ECBD23AD1F974545001FE9DE /* Resources */ = {
			isa = PBXResourcesBuildPhase;
			buildActionMask = 2147483647;
			files = (
				ECBD23BD1F974545001FE9DE /* LaunchScreen.storyboard in Resources */,
				ECBD23C81F974C44001FE9DE /* Home.storyboard in Resources */,
				ECBD23BA1F974545001FE9DE /* Assets.xcassets in Resources */,
				ECBD23C61F974C1C001FE9DE /* Categories.storyboard in Resources */,
				ECBD23CB1F975589001FE9DE /* Cart.storyboard in Resources */,
				ECBD23B81F974545001FE9DE /* Main.storyboard in Resources */,
			);
			runOnlyForDeploymentPostprocessing = 0;
		};
/* End PBXResourcesBuildPhase section */

/* Begin PBXSourcesBuildPhase section */
		ECBD23AB1F974545001FE9DE /* Sources */ = {
			isa = PBXSourcesBuildPhase;
			buildActionMask = 2147483647;
			files = (
				ECBD23B51F974545001FE9DE /* ViewController.swift in Sources */,
				ECBD23B31F974545001FE9DE /* AppDelegate.swift in Sources */,
			);
			runOnlyForDeploymentPostprocessing = 0;
		};
/* End PBXSourcesBuildPhase section */

/* Begin PBXVariantGroup section */
		ECBD23B61F974545001FE9DE /* Main.storyboard */ = {
			isa = PBXVariantGroup;
			children = (
				ECBD23B71F974545001FE9DE /* Base */,
			);
			name = Main.storyboard;
			sourceTree = "<group>";
		};
		ECBD23BB1F974545001FE9DE /* LaunchScreen.storyboard */ = {
			isa = PBXVariantGroup;
			children = (
				ECBD23BC1F974545001FE9DE /* Base */,
			);
			name = LaunchScreen.storyboard;
			sourceTree = "<group>";
		};
		ECBD23C41F974C1C001FE9DE /* Categories.storyboard */ = {
			isa = PBXVariantGroup;
			children = (
				ECBD23C51F974C1C001FE9DE /* Base */,
			);
			name = Categories.storyboard;
			sourceTree = "<group>";
		};
		ECBD23C91F975589001FE9DE /* Cart.storyboard */ = {
			isa = PBXVariantGroup;
			children = (
				ECBD23CA1F975589001FE9DE /* Base */,
			);
			name = Cart.storyboard;
			sourceTree = "<group>";
		};
/* End PBXVariantGroup section */

/* Begin XCBuildConfiguration section */
		ECBD23BF1F974545001FE9DE /* Debug */ = {
			isa = XCBuildConfiguration;
			buildSettings = {
				ALWAYS_SEARCH_USER_PATHS = NO;
				CLANG_ANALYZER_NONNULL = YES;
				CLANG_ANALYZER_NUMBER_OBJECT_CONVERSION = YES_AGGRESSIVE;
				CLANG_CXX_LANGUAGE_STANDARD = "gnu++0x";
				CLANG_CXX_LIBRARY = "libc++";
				CLANG_ENABLE_MODULES = YES;
				CLANG_ENABLE_OBJC_ARC = YES;
				CLANG_WARN_BOOL_CONVERSION = YES;
				CLANG_WARN_CONSTANT_CONVERSION = YES;
				CLANG_WARN_DIRECT_OBJC_ISA_USAGE = YES_ERROR;
				CLANG_WARN_DOCUMENTATION_COMMENTS = YES;
				CLANG_WARN_EMPTY_BODY = YES;
				CLANG_WARN_ENUM_CONVERSION = YES;
				CLANG_WARN_INFINITE_RECURSION = YES;
				CLANG_WARN_INT_CONVERSION = YES;
				CLANG_WARN_OBJC_ROOT_CLASS = YES_ERROR;
				CLANG_WARN_SUSPICIOUS_MOVE = YES;
				CLANG_WARN_UNREACHABLE_CODE = YES;
				CLANG_WARN__DUPLICATE_METHOD_MATCH = YES;
				"CODE_SIGN_IDENTITY[sdk=iphoneos*]" = "iPhone Developer";
				COPY_PHASE_STRIP = NO;
				DEBUG_INFORMATION_FORMAT = dwarf;
				ENABLE_STRICT_OBJC_MSGSEND = YES;
				ENABLE_TESTABILITY = YES;
				GCC_C_LANGUAGE_STANDARD = gnu99;
				GCC_DYNAMIC_NO_PIC = NO;
				GCC_NO_COMMON_BLOCKS = YES;
				GCC_OPTIMIZATION_LEVEL = 0;
				GCC_PREPROCESSOR_DEFINITIONS = (
					"DEBUG=1",
					"$(inherited)",
				);
				GCC_WARN_64_TO_32_BIT_CONVERSION = YES;
				GCC_WARN_ABOUT_RETURN_TYPE = YES_ERROR;
				GCC_WARN_UNDECLARED_SELECTOR = YES;
				GCC_WARN_UNINITIALIZED_AUTOS = YES_AGGRESSIVE;
				GCC_WARN_UNUSED_FUNCTION = YES;
				GCC_WARN_UNUSED_VARIABLE = YES;
				IPHONEOS_DEPLOYMENT_TARGET = 10.3;
				MTL_ENABLE_DEBUG_INFO = YES;
				ONLY_ACTIVE_ARCH = YES;
				SDKROOT = iphoneos;
				SWIFT_ACTIVE_COMPILATION_CONDITIONS = DEBUG;
				SWIFT_OPTIMIZATION_LEVEL = "-Onone";
				TARGETED_DEVICE_FAMILY = "1,2";
			};
			name = Debug;
		};
		ECBD23C01F974545001FE9DE /* Release */ = {
			isa = XCBuildConfiguration;
			buildSettings = {
				ALWAYS_SEARCH_USER_PATHS = NO;
				CLANG_ANALYZER_NONNULL = YES;
				CLANG_ANALYZER_NUMBER_OBJECT_CONVERSION = YES_AGGRESSIVE;
				CLANG_CXX_LANGUAGE_STANDARD = "gnu++0x";
				CLANG_CXX_LIBRARY = "libc++";
				CLANG_ENABLE_MODULES = YES;
				CLANG_ENABLE_OBJC_ARC = YES;
				CLANG_WARN_BOOL_CONVERSION = YES;
				CLANG_WARN_CONSTANT_CONVERSION = YES;
				CLANG_WARN_DIRECT_OBJC_ISA_USAGE = YES_ERROR;
				CLANG_WARN_DOCUMENTATION_COMMENTS = YES;
				CLANG_WARN_EMPTY_BODY = YES;
				CLANG_WARN_ENUM_CONVERSION = YES;
				CLANG_WARN_INFINITE_RECURSION = YES;
				CLANG_WARN_INT_CONVERSION = YES;
				CLANG_WARN_OBJC_ROOT_CLASS = YES_ERROR;
				CLANG_WARN_SUSPICIOUS_MOVE = YES;
				CLANG_WARN_UNREACHABLE_CODE = YES;
				CLANG_WARN__DUPLICATE_METHOD_MATCH = YES;
				"CODE_SIGN_IDENTITY[sdk=iphoneos*]" = "iPhone Developer";
				COPY_PHASE_STRIP = NO;
				DEBUG_INFORMATION_FORMAT = "dwarf-with-dsym";
				ENABLE_NS_ASSERTIONS = NO;
				ENABLE_STRICT_OBJC_MSGSEND = YES;
				GCC_C_LANGUAGE_STANDARD = gnu99;
				GCC_NO_COMMON_BLOCKS = YES;
				GCC_WARN_64_TO_32_BIT_CONVERSION = YES;
				GCC_WARN_ABOUT_RETURN_TYPE = YES_ERROR;
				GCC_WARN_UNDECLARED_SELECTOR = YES;
				GCC_WARN_UNINITIALIZED_AUTOS = YES_AGGRESSIVE;
				GCC_WARN_UNUSED_FUNCTION = YES;
				GCC_WARN_UNUSED_VARIABLE = YES;
				IPHONEOS_DEPLOYMENT_TARGET = 10.3;
				MTL_ENABLE_DEBUG_INFO = NO;
				SDKROOT = iphoneos;
				SWIFT_OPTIMIZATION_LEVEL = "-Owholemodule";
				TARGETED_DEVICE_FAMILY = "1,2";
				VALIDATE_PRODUCT = YES;
			};
			name = Release;
		};
		ECBD23C21F974545001FE9DE /* Debug */ = {
			isa = XCBuildConfiguration;
			buildSettings = {
				ASSETCATALOG_COMPILER_APPICON_NAME = AppIcon;
				INFOPLIST_FILE = tess/Info.plist;
				LD_RUNPATH_SEARCH_PATHS = "$(inherited) @executable_path/Frameworks";
				PRODUCT_BUNDLE_IDENTIFIER = Binus.tess;
				PRODUCT_NAME = "$(TARGET_NAME)";
				SWIFT_VERSION = 3.0;
			};
			name = Debug;
		};
		ECBD23C31F974545001FE9DE /* Release */ = {
			isa = XCBuildConfiguration;
			buildSettings = {
				ASSETCATALOG_COMPILER_APPICON_NAME = AppIcon;
				INFOPLIST_FILE = tess/Info.plist;
				LD_RUNPATH_SEARCH_PATHS = "$(inherited) @executable_path/Frameworks";
				PRODUCT_BUNDLE_IDENTIFIER = Binus.tess;
				PRODUCT_NAME = "$(TARGET_NAME)";
				SWIFT_VERSION = 3.0;
			};
			name = Release;
		};
/* End XCBuildConfiguration section */

/* Begin XCConfigurationList section */
		ECBD23AA1F974545001FE9DE /* Build configuration list for PBXProject "tess" */ = {
			isa = XCConfigurationList;
			buildConfigurations = (
				ECBD23BF1F974545001FE9DE /* Debug */,
				ECBD23C01F974545001FE9DE /* Release */,
			);
			defaultConfigurationIsVisible = 0;
			defaultConfigurationName = Release;
		};
		ECBD23C11F974545001FE9DE /* Build configuration list for PBXNativeTarget "tess" */ = {
			isa = XCConfigurationList;
			buildConfigurations = (
				ECBD23C21F974545001FE9DE /* Debug */,
				ECBD23C31F974545001FE9DE /* Release */,
			);
			defaultConfigurationIsVisible = 0;
		};
/* End XCConfigurationList section */
	};
	rootObject = ECBD23A71F974545001FE9DE /* Project object */;
}
